
Microsoft Visual Studio Solution File, Format Version 12.00
# Visual Studio Version 17
VisualStudioVersion = 17.0.31903.59
MinimumVisualStudioVersion = 10.0.40219.1
Project("{FAE04EC0-301F-11D3-BF4B-00C04F79EFBC}") = "WindowsFormsApp1", "WindowsFormsApp1\WindowsFormsApp1.csproj", "{056E0F2C-BA68-4F40-A99A-9B33B64D2EFF}"
EndProject
Global
	GlobalSection(SolutionConfigurationPlatforms) = preSolution
		Debug|Any CPU = Debug|Any CPU
		Release|Any CPU = Release|Any CPU
	EndGlobalSection
	GlobalSection(ProjectConfigurationPlatforms) = postSolution
		{056E0F2C-BA68-4F40-A99A-9B33B64D2EFF}.Debug|Any CPU.ActiveCfg = Debug|Any CPU
		{056E0F2C-BA68-4F40-A99A-9B33B64D2EFF}.Debug|Any CPU.Build.0 = Debug|Any CPU
		{056E0F2C-BA68-4F40-A99A-9B33B64D2EFF}.Release|Any CPU.ActiveCfg = Release|Any CPU
		{056E0F2C-BA68-4F40-A99A-9B33B64D2EFF}.Release|Any CPU.Build.0 = Release|Any CPU
	EndGlobalSection
	GlobalSection(SolutionProperties) = preSolution
		HideSolutionNode = FALSE
	EndGlobalSection
	GlobalSection(ExtensibilityGlobals) = postSolution
		SolutionGuid = {D2EDF70E-1297-4FA4-9BFD-4AF10BB0B1D5}
	EndGlobalSection
EndGlobal
